
Microsoft Visual Studio Solution File, Format Version 12.00
# Visual Studio 15
VisualStudioVersion = 15.0.27703.2047
MinimumVisualStudioVersion = 10.0.40219.1
Project("{FAE04EC0-301F-11D3-BF4B-00C04F79EFBC}") = "ARogers_App.Android", "ARogers_App\ARogers_App.Android\ARogers_App.Android.csproj", "{6B2882A4-045F-4097-A7B1-C3178947ECE8}"
EndProject
Project("{FAE04EC0-301F-11D3-BF4B-00C04F79EFBC}") = "ARogers_App.iOS", "ARogers_App\ARogers_App.iOS\ARogers_App.iOS.csproj", "{2B1F4C54-3E03-4799-9663-C1EDC1661A38}"
EndProject
Project("{FAE04EC0-301F-11D3-BF4B-00C04F79EFBC}") = "ARogers_App.UWP", "ARogers_App\ARogers_App.UWP\ARogers_App.UWP.csproj", "{982AAAC2-18A2-4D36-83F6-9AB20F3E3002}"
EndProject
Project("{D954291E-2A0B-460D-934E-DC6B0785DB48}") = "ARogers_App", "ARogers_App\ARogers_App\ARogers_App.shproj", "{1FAFE5A5-4BBD-412E-8FB2-A7E3B3BC351F}"
EndProject
Global
	GlobalSection(SharedMSBuildProjectFiles) = preSolution
		ARogers_App\ARogers_App\ARogers_App.projitems*{1fafe5a5-4bbd-412e-8fb2-a7e3b3bc351f}*SharedItemsImports = 13
		ARogers_App\ARogers_App\ARogers_App.projitems*{2b1f4c54-3e03-4799-9663-c1edc1661a38}*SharedItemsImports = 4
		ARogers_App\ARogers_App\ARogers_App.projitems*{6b2882a4-045f-4097-a7b1-c3178947ece8}*SharedItemsImports = 4
		ARogers_App\ARogers_App\ARogers_App.projitems*{982aaac2-18a2-4d36-83f6-9ab20f3e3002}*SharedItemsImports = 4
	EndGlobalSection
	GlobalSection(SolutionConfigurationPlatforms) = preSolution
		Ad-Hoc|Any CPU = Ad-Hoc|Any CPU
		Ad-Hoc|ARM = Ad-Hoc|ARM
		Ad-Hoc|iPhone = Ad-Hoc|iPhone
		Ad-Hoc|iPhoneSimulator = Ad-Hoc|iPhoneSimulator
		Ad-Hoc|x64 = Ad-Hoc|x64
		Ad-Hoc|x86 = Ad-Hoc|x86
		AppStore|Any CPU = AppStore|Any CPU
		AppStore|ARM = AppStore|ARM
		AppStore|iPhone = AppStore|iPhone
		AppStore|iPhoneSimulator = AppStore|iPhoneSimulator
		AppStore|x64 = AppStore|x64
		AppStore|x86 = AppStore|x86
		Debug|Any CPU = Debug|Any CPU
		Debug|ARM = Debug|ARM
		Debug|iPhone = Debug|iPhone
		Debug|iPhoneSimulator = Debug|iPhoneSimulator
		Debug|x64 = Debug|x64
		Debug|x86 = Debug|x86
		Release|Any CPU = Release|Any CPU
		Release|ARM = Release|ARM
		Release|iPhone = Release|iPhone
		Release|iPhoneSimulator = Release|iPhoneSimulator
		Release|x64 = Release|x64
		Release|x86 = Release|x86
	EndGlobalSection
	GlobalSection(ProjectConfigurationPlatforms) = postSolution
		{6B2882A4-045F-4097-A7B1-C3178947ECE8}.Ad-Hoc|Any CPU.ActiveCfg = Release|Any CPU
		{6B2882A4-045F-4097-A7B1-C3178947ECE8}.Ad-Hoc|Any CPU.Build.0 = Release|Any CPU
		{6B2882A4-045F-4097-A7B1-C3178947ECE8}.Ad-Hoc|Any CPU.Deploy.0 = Release|Any CPU
		{6B2882A4-045F-4097-A7B1-C3178947ECE8}.Ad-Hoc|ARM.ActiveCfg = Release|Any CPU
		{6B2882A4-045F-4097-A7B1-C3178947ECE8}.Ad-Hoc|ARM.Build.0 = Release|Any CPU
		{6B2882A4-045F-4097-A7B1-C3178947ECE8}.Ad-Hoc|ARM.Deploy.0 = Release|Any CPU
		{6B2882A4-045F-4097-A7B1-C3178947ECE8}.Ad-Hoc|iPhone.ActiveCfg = Release|Any CPU
		{6B2882A4-045F-4097-A7B1-C3178947ECE8}.Ad-Hoc|iPhone.Build.0 = Release|Any CPU
		{6B2882A4-045F-4097-A7B1-C3178947ECE8}.Ad-Hoc|iPhone.Deploy.0 = Release|Any CPU
		{6B2882A4-045F-4097-A7B1-C3178947ECE8}.Ad-Hoc|iPhoneSimulator.ActiveCfg = Release|Any CPU
		{6B2882A4-045F-4097-A7B1-C3178947ECE8}.Ad-Hoc|iPhoneSimulator.Build.0 = Release|Any CPU
		{6B2882A4-045F-4097-A7B1-C3178947ECE8}.Ad-Hoc|iPhoneSimulator.Deploy.0 = Release|Any CPU
		{6B2882A4-045F-4097-A7B1-C3178947ECE8}.Ad-Hoc|x64.ActiveCfg = Release|Any CPU
		{6B2882A4-045F-4097-A7B1-C3178947ECE8}.Ad-Hoc|x64.Build.0 = Release|Any CPU
		{6B2882A4-045F-4097-A7B1-C3178947ECE8}.Ad-Hoc|x64.Deploy.0 = Release|Any CPU
		{6B2882A4-045F-4097-A7B1-C3178947ECE8}.Ad-Hoc|x86.ActiveCfg = Release|Any CPU
		{6B2882A4-045F-4097-A7B1-C3178947ECE8}.Ad-Hoc|x86.Build.0 = Release|Any CPU
		{6B2882A4-045F-4097-A7B1-C3178947ECE8}.Ad-Hoc|x86.Deploy.0 = Release|Any CPU
		{6B2882A4-045F-4097-A7B1-C3178947ECE8}.AppStore|Any CPU.ActiveCfg = Release|Any CPU
		{6B2882A4-045F-4097-A7B1-C3178947ECE8}.AppStore|Any CPU.Build.0 = Release|Any CPU
		{6B2882A4-045F-4097-A7B1-C3178947ECE8}.AppStore|Any CPU.Deploy.0 = Release|Any CPU
		{6B2882A4-045F-4097-A7B1-C3178947ECE8}.AppStore|ARM.ActiveCfg = Release|Any CPU
		{6B2882A4-045F-4097-A7B1-C3178947ECE8}.AppStore|ARM.Build.0 = Release|Any CPU
		{6B2882A4-045F-4097-A7B1-C3178947ECE8}.AppStore|ARM.Deploy.0 = Release|Any CPU
		{6B2882A4-045F-4097-A7B1-C3178947ECE8}.AppStore|iPhone.ActiveCfg = Release|Any CPU
		{6B2882A4-045F-4097-A7B1-C3178947ECE8}.AppStore|iPhone.Build.0 = Release|Any CPU
		{6B2882A4-045F-4097-A7B1-C3178947ECE8}.AppStore|iPhone.Deploy.0 = Release|Any CPU
		{6B2882A4-045F-4097-A7B1-C3178947ECE8}.AppStore|iPhoneSimulator.ActiveCfg = Release|Any CPU
		{6B2882A4-045F-4097-A7B1-C3178947ECE8}.AppStore|iPhoneSimulator.Build.0 = Release|Any CPU
		{6B2882A4-045F-4097-A7B1-C3178947ECE8}.AppStore|iPhoneSimulator.Deploy.0 = Release|Any CPU
		{6B2882A4-045F-4097-A7B1-C3178947ECE8}.AppStore|x64.ActiveCfg = Release|Any CPU
		{6B2882A4-045F-4097-A7B1-C3178947ECE8}.AppStore|x64.Build.0 = Release|Any CPU
		{6B2882A4-045F-4097-A7B1-C3178947ECE8}.AppStore|x64.Deploy.0 = Release|Any CPU
		{6B2882A4-045F-4097-A7B1-C3178947ECE8}.AppStore|x86.ActiveCfg = Release|Any CPU
		{6B2882A4-045F-4097-A7B1-C3178947ECE8}.AppStore|x86.Build.0 = Release|Any CPU
		{6B2882A4-045F-4097-A7B1-C3178947ECE8}.AppStore|x86.Deploy.0 = Release|Any CPU
		{6B2882A4-045F-4097-A7B1-C3178947ECE8}.Debug|Any CPU.ActiveCfg = Debug|Any CPU
		{6B2882A4-045F-4097-A7B1-C3178947ECE8}.Debug|Any CPU.Build.0 = Debug|Any CPU
		{6B2882A4-045F-4097-A7B1-C3178947ECE8}.Debug|Any CPU.Deploy.0 = Debug|Any CPU
		{6B2882A4-045F-4097-A7B1-C3178947ECE8}.Debug|ARM.ActiveCfg = Debug|Any CPU
		{6B2882A4-045F-4097-A7B1-C3178947ECE8}.Debug|ARM.Build.0 = Debug|Any CPU
		{6B2882A4-045F-4097-A7B1-C3178947ECE8}.Debug|ARM.Deploy.0 = Debug|Any CPU
		{6B2882A4-045F-4097-A7B1-C3178947ECE8}.Debug|iPhone.ActiveCfg = Debug|Any CPU
		{6B2882A4-045F-4097-A7B1-C3178947ECE8}.Debug|iPhone.Build.0 = Debug|Any CPU
		{6B2882A4-045F-4097-A7B1-C3178947ECE8}.Debug|iPhone.Deploy.0 = Debug|Any CPU
		{6B2882A4-045F-4097-A7B1-C3178947ECE8}.Debug|iPhoneSimulator.ActiveCfg = Debug|Any CPU
		{6B2882A4-045F-4097-A7B1-C3178947ECE8}.Debug|iPhoneSimulator.Build.0 = Debug|Any CPU
		{6B2882A4-045F-4097-A7B1-C3178947ECE8}.Debug|iPhoneSimulator.Deploy.0 = Debug|Any CPU
		{6B2882A4-045F-4097-A7B1-C3178947ECE8}.Debug|x64.ActiveCfg = Debug|Any CPU
		{6B2882A4-045F-4097-A7B1-C3178947ECE8}.Debug|x64.Build.0 = Debug|Any CPU
		{6B2882A4-045F-4097-A7B1-C3178947ECE8}.Debug|x64.Deploy.0 = Debug|Any CPU
		{6B2882A4-045F-4097-A7B1-C3178947ECE8}.Debug|x86.ActiveCfg = Debug|Any CPU
		{6B2882A4-045F-4097-A7B1-C3178947ECE8}.Debug|x86.Build.0 = Debug|Any CPU
		{6B2882A4-045F-4097-A7B1-C3178947ECE8}.Debug|x86.Deploy.0 = Debug|Any CPU
		{6B2882A4-045F-4097-A7B1-C3178947ECE8}.Release|Any CPU.ActiveCfg = Release|Any CPU
		{6B2882A4-045F-4097-A7B1-C3178947ECE8}.Release|Any CPU.Build.0 = Release|Any CPU
		{6B2882A4-045F-4097-A7B1-C3178947ECE8}.Release|Any CPU.Deploy.0 = Release|Any CPU
		{6B2882A4-045F-4097-A7B1-C3178947ECE8}.Release|ARM.ActiveCfg = Release|Any CPU
		{6B2882A4-045F-4097-A7B1-C3178947ECE8}.Release|ARM.Build.0 = Release|Any CPU
		{6B2882A4-045F-4097-A7B1-C3178947ECE8}.Release|ARM.Deploy.0 = Release|Any CPU
		{6B2882A4-045F-4097-A7B1-C3178947ECE8}.Release|iPhone.ActiveCfg = Release|Any CPU
		{6B2882A4-045F-4097-A7B1-C3178947ECE8}.Release|iPhone.Build.0 = Release|Any CPU
		{6B2882A4-045F-4097-A7B1-C3178947ECE8}.Release|iPhone.Deploy.0 = Release|Any CPU
		{6B2882A4-045F-4097-A7B1-C3178947ECE8}.Release|iPhoneSimulator.ActiveCfg = Release|Any CPU
		{6B2882A4-045F-4097-A7B1-C3178947ECE8}.Release|iPhoneSimulator.Build.0 = Release|Any CPU
		{6B2882A4-045F-4097-A7B1-C3178947ECE8}.Release|iPhoneSimulator.Deploy.0 = Release|Any CPU
		{6B2882A4-045F-4097-A7B1-C3178947ECE8}.Release|x64.ActiveCfg = Release|Any CPU
		{6B2882A4-045F-4097-A7B1-C3178947ECE8}.Release|x64.Build.0 = Release|Any CPU
		{6B2882A4-045F-4097-A7B1-C3178947ECE8}.Release|x64.Deploy.0 = Release|Any CPU
		{6B2882A4-045F-4097-A7B1-C3178947ECE8}.Release|x86.ActiveCfg = Release|Any CPU
		{6B2882A4-045F-4097-A7B1-C3178947ECE8}.Release|x86.Build.0 = Release|Any CPU
		{6B2882A4-045F-4097-A7B1-C3178947ECE8}.Release|x86.Deploy.0 = Release|Any CPU
		{2B1F4C54-3E03-4799-9663-C1EDC1661A38}.Ad-Hoc|Any CPU.ActiveCfg = Ad-Hoc|iPhone
		{2B1F4C54-3E03-4799-9663-C1EDC1661A38}.Ad-Hoc|Any CPU.Build.0 = Ad-Hoc|iPhone
		{2B1F4C54-3E03-4799-9663-C1EDC1661A38}.Ad-Hoc|Any CPU.Deploy.0 = Ad-Hoc|iPhone
		{2B1F4C54-3E03-4799-9663-C1EDC1661A38}.Ad-Hoc|ARM.ActiveCfg = Ad-Hoc|iPhone
		{2B1F4C54-3E03-4799-9663-C1EDC1661A38}.Ad-Hoc|ARM.Build.0 = Ad-Hoc|iPhone
		{2B1F4C54-3E03-4799-9663-C1EDC1661A38}.Ad-Hoc|ARM.Deploy.0 = Ad-Hoc|iPhone
		{2B1F4C54-3E03-4799-9663-C1EDC1661A38}.Ad-Hoc|iPhone.ActiveCfg = Ad-Hoc|iPhone
		{2B1F4C54-3E03-4799-9663-C1EDC1661A38}.Ad-Hoc|iPhone.Build.0 = Ad-Hoc|iPhone
		{2B1F4C54-3E03-4799-9663-C1EDC1661A38}.Ad-Hoc|iPhone.Deploy.0 = Ad-Hoc|iPhone
		{2B1F4C54-3E03-4799-9663-C1EDC1661A38}.Ad-Hoc|iPhoneSimulator.ActiveCfg = Ad-Hoc|iPhoneSimulator
		{2B1F4C54-3E03-4799-9663-C1EDC1661A38}.Ad-Hoc|iPhoneSimulator.Build.0 = Ad-Hoc|iPhoneSimulator
		{2B1F4C54-3E03-4799-9663-C1EDC1661A38}.Ad-Hoc|iPhoneSimulator.Deploy.0 = Ad-Hoc|iPhoneSimulator
		{2B1F4C54-3E03-4799-9663-C1EDC1661A38}.Ad-Hoc|x64.ActiveCfg = Ad-Hoc|iPhone
		{2B1F4C54-3E03-4799-9663-C1EDC1661A38}.Ad-Hoc|x64.Build.0 = Ad-Hoc|iPhone
		{2B1F4C54-3E03-4799-9663-C1EDC1661A38}.Ad-Hoc|x64.Deploy.0 = Ad-Hoc|iPhone
		{2B1F4C54-3E03-4799-9663-C1EDC1661A38}.Ad-Hoc|x86.ActiveCfg = Ad-Hoc|iPhone
		{2B1F4C54-3E03-4799-9663-C1EDC1661A38}.Ad-Hoc|x86.Build.0 = Ad-Hoc|iPhone
		{2B1F4C54-3E03-4799-9663-C1EDC1661A38}.Ad-Hoc|x86.Deploy.0 = Ad-Hoc|iPhone
		{2B1F4C54-3E03-4799-9663-C1EDC1661A38}.AppStore|Any CPU.ActiveCfg = AppStore|iPhone
		{2B1F4C54-3E03-4799-9663-C1EDC1661A38}.AppStore|Any CPU.Build.0 = AppStore|iPhone
		{2B1F4C54-3E03-4799-9663-C1EDC1661A38}.AppStore|Any CPU.Deploy.0 = AppStore|iPhone
		{2B1F4C54-3E03-4799-9663-C1EDC1661A38}.AppStore|ARM.ActiveCfg = AppStore|iPhone
		{2B1F4C54-3E03-4799-9663-C1EDC1661A38}.AppStore|ARM.Build.0 = AppStore|iPhone
		{2B1F4C54-3E03-4799-9663-C1EDC1661A38}.AppStore|ARM.Deploy.0 = AppStore|iPhone
		{2B1F4C54-3E03-4799-9663-C1EDC1661A38}.AppStore|iPhone.ActiveCfg = AppStore|iPhone
		{2B1F4C54-3E03-4799-9663-C1EDC1661A38}.AppStore|iPhone.Build.0 = AppStore|iPhone
		{2B1F4C54-3E03-4799-9663-C1EDC1661A38}.AppStore|iPhone.Deploy.0 = AppStore|iPhone
		{2B1F4C54-3E03-4799-9663-C1EDC1661A38}.AppStore|iPhoneSimulator.ActiveCfg = AppStore|iPhoneSimulator
		{2B1F4C54-3E03-4799-9663-C1EDC1661A38}.AppStore|iPhoneSimulator.Build.0 = AppStore|iPhoneSimulator
		{2B1F4C54-3E03-4799-9663-C1EDC1661A38}.AppStore|iPhoneSimulator.Deploy.0 = AppStore|iPhoneSimulator
		{2B1F4C54-3E03-4799-9663-C1EDC1661A38}.AppStore|x64.ActiveCfg = AppStore|iPhone
		{2B1F4C54-3E03-4799-9663-C1EDC1661A38}.AppStore|x64.Build.0 = AppStore|iPhone
		{2B1F4C54-3E03-4799-9663-C1EDC1661A38}.AppStore|x64.Deploy.0 = AppStore|iPhone
		{2B1F4C54-3E03-4799-9663-C1EDC1661A38}.AppStore|x86.ActiveCfg = AppStore|iPhone
		{2B1F4C54-3E03-4799-9663-C1EDC1661A38}.AppStore|x86.Build.0 = AppStore|iPhone
		{2B1F4C54-3E03-4799-9663-C1EDC1661A38}.AppStore|x86.Deploy.0 = AppStore|iPhone
		{2B1F4C54-3E03-4799-9663-C1EDC1661A38}.Debug|Any CPU.ActiveCfg = Debug|iPhoneSimulator
		{2B1F4C54-3E03-4799-9663-C1EDC1661A38}.Debug|Any CPU.Build.0 = Debug|iPhoneSimulator
		{2B1F4C54-3E03-4799-9663-C1EDC1661A38}.Debug|Any CPU.Deploy.0 = Debug|iPhoneSimulator
		{2B1F4C54-3E03-4799-9663-C1EDC1661A38}.Debug|ARM.ActiveCfg = Debug|iPhone
		{2B1F4C54-3E03-4799-9663-C1EDC1661A38}.Debug|ARM.Build.0 = Debug|iPhone
		{2B1F4C54-3E03-4799-9663-C1EDC1661A38}.Debug|ARM.Deploy.0 = Debug|iPhone
		{2B1F4C54-3E03-4799-9663-C1EDC1661A38}.Debug|iPhone.ActiveCfg = Debug|iPhone
		{2B1F4C54-3E03-4799-9663-C1EDC1661A38}.Debug|iPhone.Build.0 = Debug|iPhone
		{2B1F4C54-3E03-4799-9663-C1EDC1661A38}.Debug|iPhone.Deploy.0 = Debug|iPhone
		{2B1F4C54-3E03-4799-9663-C1EDC1661A38}.Debug|iPhoneSimulator.ActiveCfg = Debug|iPhoneSimulator
		{2B1F4C54-3E03-4799-9663-C1EDC1661A38}.Debug|iPhoneSimulator.Build.0 = Debug|iPhoneSimulator
		{2B1F4C54-3E03-4799-9663-C1EDC1661A38}.Debug|iPhoneSimulator.Deploy.0 = Debug|iPhoneSimulator
		{2B1F4C54-3E03-4799-9663-C1EDC1661A38}.Debug|x64.ActiveCfg = Debug|iPhone
		{2B1F4C54-3E03-4799-9663-C1EDC1661A38}.Debug|x64.Build.0 = Debug|iPhone
		{2B1F4C54-3E03-4799-9663-C1EDC1661A38}.Debug|x64.Deploy.0 = Debug|iPhone
		{2B1F4C54-3E03-4799-9663-C1EDC1661A38}.Debug|x86.ActiveCfg = Debug|iPhone
		{2B1F4C54-3E03-4799-9663-C1EDC1661A38}.Debug|x86.Build.0 = Debug|iPhone
		{2B1F4C54-3E03-4799-9663-C1EDC1661A38}.Debug|x86.Deploy.0 = Debug|iPhone
		{2B1F4C54-3E03-4799-9663-C1EDC1661A38}.Release|Any CPU.ActiveCfg = Release|iPhone
		{2B1F4C54-3E03-4799-9663-C1EDC1661A38}.Release|Any CPU.Build.0 = Release|iPhone
		{2B1F4C54-3E03-4799-9663-C1EDC1661A38}.Release|Any CPU.Deploy.0 = Release|iPhone
		{2B1F4C54-3E03-4799-9663-C1EDC1661A38}.Release|ARM.ActiveCfg = Release|iPhone
		{2B1F4C54-3E03-4799-9663-C1EDC1661A38}.Release|ARM.Build.0 = Release|iPhone
		{2B1F4C54-3E03-4799-9663-C1EDC1661A38}.Release|ARM.Deploy.0 = Release|iPhone
		{2B1F4C54-3E03-4799-9663-C1EDC1661A38}.Release|iPhone.ActiveCfg = Release|iPhone
		{2B1F4C54-3E03-4799-9663-C1EDC1661A38}.Release|iPhone.Build.0 = Release|iPhone
		{2B1F4C54-3E03-4799-9663-C1EDC1661A38}.Release|iPhone.Deploy.0 = Release|iPhone
		{2B1F4C54-3E03-4799-9663-C1EDC1661A38}.Release|iPhoneSimulator.ActiveCfg = Release|iPhoneSimulator
		{2B1F4C54-3E03-4799-9663-C1EDC1661A38}.Release|iPhoneSimulator.Build.0 = Release|iPhoneSimulator
		{2B1F4C54-3E03-4799-9663-C1EDC1661A38}.Release|iPhoneSimulator.Deploy.0 = Release|iPhoneSimulator
		{2B1F4C54-3E03-4799-9663-C1EDC1661A38}.Release|x64.ActiveCfg = Release|iPhone
		{2B1F4C54-3E03-4799-9663-C1EDC1661A38}.Release|x64.Build.0 = Release|iPhone
		{2B1F4C54-3E03-4799-9663-C1EDC1661A38}.Release|x64.Deploy.0 = Release|iPhone
		{2B1F4C54-3E03-4799-9663-C1EDC1661A38}.Release|x86.ActiveCfg = Release|iPhone
		{2B1F4C54-3E03-4799-9663-C1EDC1661A38}.Release|x86.Build.0 = Release|iPhone
		{2B1F4C54-3E03-4799-9663-C1EDC1661A38}.Release|x86.Deploy.0 = Release|iPhone
		{982AAAC2-18A2-4D36-83F6-9AB20F3E3002}.Ad-Hoc|Any CPU.ActiveCfg = Release|x86
		{982AAAC2-18A2-4D36-83F6-9AB20F3E3002}.Ad-Hoc|Any CPU.Build.0 = Release|x86
		{982AAAC2-18A2-4D36-83F6-9AB20F3E3002}.Ad-Hoc|Any CPU.Deploy.0 = Release|x86
		{982AAAC2-18A2-4D36-83F6-9AB20F3E3002}.Ad-Hoc|ARM.ActiveCfg = Release|ARM
		{982AAAC2-18A2-4D36-83F6-9AB20F3E3002}.Ad-Hoc|ARM.Build.0 = Release|ARM
		{982AAAC2-18A2-4D36-83F6-9AB20F3E3002}.Ad-Hoc|ARM.Deploy.0 = Release|ARM
		{982AAAC2-18A2-4D36-83F6-9AB20F3E3002}.Ad-Hoc|iPhone.ActiveCfg = Release|x86
		{982AAAC2-18A2-4D36-83F6-9AB20F3E3002}.Ad-Hoc|iPhone.Build.0 = Release|x86
		{982AAAC2-18A2-4D36-83F6-9AB20F3E3002}.Ad-Hoc|iPhone.Deploy.0 = Release|x86
		{982AAAC2-18A2-4D36-83F6-9AB20F3E3002}.Ad-Hoc|iPhoneSimulator.ActiveCfg = Release|x86
		{982AAAC2-18A2-4D36-83F6-9AB20F3E3002}.Ad-Hoc|iPhoneSimulator.Build.0 = Release|x86
		{982AAAC2-18A2-4D36-83F6-9AB20F3E3002}.Ad-Hoc|iPhoneSimulator.Deploy.0 = Release|x86
		{982AAAC2-18A2-4D36-83F6-9AB20F3E3002}.Ad-Hoc|x64.ActiveCfg = Release|x64
		{982AAAC2-18A2-4D36-83F6-9AB20F3E3002}.Ad-Hoc|x64.Build.0 = Release|x64
		{982AAAC2-18A2-4D36-83F6-9AB20F3E3002}.Ad-Hoc|x64.Deploy.0 = Release|x64
		{982AAAC2-18A2-4D36-83F6-9AB20F3E3002}.Ad-Hoc|x86.ActiveCfg = Release|x86
		{982AAAC2-18A2-4D36-83F6-9AB20F3E3002}.Ad-Hoc|x86.Build.0 = Release|x86
		{982AAAC2-18A2-4D36-83F6-9AB20F3E3002}.Ad-Hoc|x86.Deploy.0 = Release|x86
		{982AAAC2-18A2-4D36-83F6-9AB20F3E3002}.AppStore|Any CPU.ActiveCfg = Release|x86
		{982AAAC2-18A2-4D36-83F6-9AB20F3E3002}.AppStore|Any CPU.Build.0 = Release|x86
		{982AAAC2-18A2-4D36-83F6-9AB20F3E3002}.AppStore|Any CPU.Deploy.0 = Release|x86
		{982AAAC2-18A2-4D36-83F6-9AB20F3E3002}.AppStore|ARM.ActiveCfg = Release|ARM
		{982AAAC2-18A2-4D36-83F6-9AB20F3E3002}.AppStore|ARM.Build.0 = Release|ARM
		{982AAAC2-18A2-4D36-83F6-9AB20F3E3002}.AppStore|ARM.Deploy.0 = Release|ARM
		{982AAAC2-18A2-4D36-83F6-9AB20F3E3002}.AppStore|iPhone.ActiveCfg = Release|x86
		{982AAAC2-18A2-4D36-83F6-9AB20F3E3002}.AppStore|iPhone.Build.0 = Release|x86
		{982AAAC2-18A2-4D36-83F6-9AB20F3E3002}.AppStore|iPhone.Deploy.0 = Release|x86
		{982AAAC2-18A2-4D36-83F6-9AB20F3E3002}.AppStore|iPhoneSimulator.ActiveCfg = Release|x86
		{982AAAC2-18A2-4D36-83F6-9AB20F3E3002}.AppStore|iPhoneSimulator.Build.0 = Release|x86
		{982AAAC2-18A2-4D36-83F6-9AB20F3E3002}.AppStore|iPhoneSimulator.Deploy.0 = Release|x86
		{982AAAC2-18A2-4D36-83F6-9AB20F3E3002}.AppStore|x64.ActiveCfg = Release|x64
		{982AAAC2-18A2-4D36-83F6-9AB20F3E3002}.AppStore|x64.Build.0 = Release|x64
		{982AAAC2-18A2-4D36-83F6-9AB20F3E3002}.AppStore|x64.Deploy.0 = Release|x64
		{982AAAC2-18A2-4D36-83F6-9AB20F3E3002}.AppStore|x86.ActiveCfg = Release|x86
		{982AAAC2-18A2-4D36-83F6-9AB20F3E3002}.AppStore|x86.Build.0 = Release|x86
		{982AAAC2-18A2-4D36-83F6-9AB20F3E3002}.AppStore|x86.Deploy.0 = Release|x86
		{982AAAC2-18A2-4D36-83F6-9AB20F3E3002}.Debug|Any CPU.ActiveCfg = Debug|x86
		{982AAAC2-18A2-4D36-83F6-9AB20F3E3002}.Debug|Any CPU.Build.0 = Debug|x86
		{982AAAC2-18A2-4D36-83F6-9AB20F3E3002}.Debug|Any CPU.Deploy.0 = Debug|x86
		{982AAAC2-18A2-4D36-83F6-9AB20F3E3002}.Debug|ARM.ActiveCfg = Debug|ARM
		{982AAAC2-18A2-4D36-83F6-9AB20F3E3002}.Debug|ARM.Build.0 = Debug|ARM
		{982AAAC2-18A2-4D36-83F6-9AB20F3E3002}.Debug|ARM.Deploy.0 = Debug|ARM
		{982AAAC2-18A2-4D36-83F6-9AB20F3E3002}.Debug|iPhone.ActiveCfg = Debug|x86
		{982AAAC2-18A2-4D36-83F6-9AB20F3E3002}.Debug|iPhone.Build.0 = Debug|x86
		{982AAAC2-18A2-4D36-83F6-9AB20F3E3002}.Debug|iPhone.Deploy.0 = Debug|x86
		{982AAAC2-18A2-4D36-83F6-9AB20F3E3002}.Debug|iPhoneSimulator.ActiveCfg = Debug|x86
		{982AAAC2-18A2-4D36-83F6-9AB20F3E3002}.Debug|iPhoneSimulator.Build.0 = Debug|x86
		{982AAAC2-18A2-4D36-83F6-9AB20F3E3002}.Debug|iPhoneSimulator.Deploy.0 = Debug|x86
		{982AAAC2-18A2-4D36-83F6-9AB20F3E3002}.Debug|x64.ActiveCfg = Debug|x64
		{982AAAC2-18A2-4D36-83F6-9AB20F3E3002}.Debug|x64.Build.0 = Debug|x64
		{982AAAC2-18A2-4D36-83F6-9AB20F3E3002}.Debug|x64.Deploy.0 = Debug|x64
		{982AAAC2-18A2-4D36-83F6-9AB20F3E3002}.Debug|x86.ActiveCfg = Debug|x86
		{982AAAC2-18A2-4D36-83F6-9AB20F3E3002}.Debug|x86.Build.0 = Debug|x86
		{982AAAC2-18A2-4D36-83F6-9AB20F3E3002}.Debug|x86.Deploy.0 = Debug|x86
		{982AAAC2-18A2-4D36-83F6-9AB20F3E3002}.Release|Any CPU.ActiveCfg = Release|x86
		{982AAAC2-18A2-4D36-83F6-9AB20F3E3002}.Release|Any CPU.Build.0 = Release|x86
		{982AAAC2-18A2-4D36-83F6-9AB20F3E3002}.Release|Any CPU.Deploy.0 = Release|x86
		{982AAAC2-18A2-4D36-83F6-9AB20F3E3002}.Release|ARM.ActiveCfg = Release|ARM
		{982AAAC2-18A2-4D36-83F6-9AB20F3E3002}.Release|ARM.Build.0 = Release|ARM
		{982AAAC2-18A2-4D36-83F6-9AB20F3E3002}.Release|ARM.Deploy.0 = Release|ARM
		{982AAAC2-18A2-4D36-83F6-9AB20F3E3002}.Release|iPhone.ActiveCfg = Release|x86
		{982AAAC2-18A2-4D36-83F6-9AB20F3E3002}.Release|iPhone.Build.0 = Release|x86
		{982AAAC2-18A2-4D36-83F6-9AB20F3E3002}.Release|iPhone.Deploy.0 = Release|x86
		{982AAAC2-18A2-4D36-83F6-9AB20F3E3002}.Release|iPhoneSimulator.ActiveCfg = Release|x86
		{982AAAC2-18A2-4D36-83F6-9AB20F3E3002}.Release|iPhoneSimulator.Build.0 = Release|x86
		{982AAAC2-18A2-4D36-83F6-9AB20F3E3002}.Release|iPhoneSimulator.Deploy.0 = Release|x86
		{982AAAC2-18A2-4D36-83F6-9AB20F3E3002}.Release|x64.ActiveCfg = Release|x64
		{982AAAC2-18A2-4D36-83F6-9AB20F3E3002}.Release|x64.Build.0 = Release|x64
		{982AAAC2-18A2-4D36-83F6-9AB20F3E3002}.Release|x64.Deploy.0 = Release|x64
		{982AAAC2-18A2-4D36-83F6-9AB20F3E3002}.Release|x86.ActiveCfg = Release|x86
		{982AAAC2-18A2-4D36-83F6-9AB20F3E3002}.Release|x86.Build.0 = Release|x86
		{982AAAC2-18A2-4D36-83F6-9AB20F3E3002}.Release|x86.Deploy.0 = Release|x86
	EndGlobalSection
	GlobalSection(SolutionProperties) = preSolution
		HideSolutionNode = FALSE
	EndGlobalSection
	GlobalSection(ExtensibilityGlobals) = postSolution
		SolutionGuid = {E3984D8C-D7C6-42AA-A4A4-D840747B45C5}
	EndGlobalSection
EndGlobal
